
Microsoft Visual Studio Solution File, Format Version 12.00
# Visual Studio 15
VisualStudioVersion = 15.0.28307.757
MinimumVisualStudioVersion = 10.0.40219.1
Project("{FAE04EC0-301F-11D3-BF4B-00C04F79EFBC}") = "Commerce.Android", "Commerce\Commerce.Android\Commerce.Android.csproj", "{DD984AEC-464D-4E98-9479-DE8434552B1E}"
EndProject
Project("{FAE04EC0-301F-11D3-BF4B-00C04F79EFBC}") = "Commerce.iOS", "Commerce\Commerce.iOS\Commerce.iOS.csproj", "{0194504E-7F52-427F-9850-4235B537A925}"
EndProject
Project("{9A19103F-16F7-4668-BE54-9A1E7A4F7556}") = "Commerce", "Commerce\Commerce\Commerce.csproj", "{9B951095-F4FA-4C7F-A23E-7503746674E1}"
EndProject
Project("{FAE04EC0-301F-11D3-BF4B-00C04F79EFBC}") = "CommerceBackend", "CommerceBackend\CommerceBackend.csproj", "{0CA4E77E-3538-4BD8-8E3F-5625A3EF6EBB}"
EndProject
Project("{FAE04EC0-301F-11D3-BF4B-00C04F79EFBC}") = "Commerce.API", "Commerce.API\Commerce.API.csproj", "{7D4F3C32-9DE5-4650-AA0D-6743B96EED84}"
EndProject
Project("{FAE04EC0-301F-11D3-BF4B-00C04F79EFBC}") = "Commerce.Domain", "Commerce.Domain\Commerce.Domain.csproj", "{7D9A90F6-1541-4D42-9810-6E0BBF2A5CE4}"
EndProject
Project("{FAE04EC0-301F-11D3-BF4B-00C04F79EFBC}") = "Commerce.Common", "Commerce.Common\Commerce.Common.csproj", "{614A59F8-2AFB-4C78-BDD2-F97D371698EB}"
EndProject
Global
	GlobalSection(SolutionConfigurationPlatforms) = preSolution
		Ad-Hoc|Any CPU = Ad-Hoc|Any CPU
		Ad-Hoc|iPhone = Ad-Hoc|iPhone
		Ad-Hoc|iPhoneSimulator = Ad-Hoc|iPhoneSimulator
		AppStore|Any CPU = AppStore|Any CPU
		AppStore|iPhone = AppStore|iPhone
		AppStore|iPhoneSimulator = AppStore|iPhoneSimulator
		Debug|Any CPU = Debug|Any CPU
		Debug|iPhone = Debug|iPhone
		Debug|iPhoneSimulator = Debug|iPhoneSimulator
		Release|Any CPU = Release|Any CPU
		Release|iPhone = Release|iPhone
		Release|iPhoneSimulator = Release|iPhoneSimulator
	EndGlobalSection
	GlobalSection(ProjectConfigurationPlatforms) = postSolution
		{DD984AEC-464D-4E98-9479-DE8434552B1E}.Ad-Hoc|Any CPU.ActiveCfg = Release|Any CPU
		{DD984AEC-464D-4E98-9479-DE8434552B1E}.Ad-Hoc|Any CPU.Build.0 = Release|Any CPU
		{DD984AEC-464D-4E98-9479-DE8434552B1E}.Ad-Hoc|Any CPU.Deploy.0 = Release|Any CPU
		{DD984AEC-464D-4E98-9479-DE8434552B1E}.Ad-Hoc|iPhone.ActiveCfg = Release|Any CPU
		{DD984AEC-464D-4E98-9479-DE8434552B1E}.Ad-Hoc|iPhone.Build.0 = Release|Any CPU
		{DD984AEC-464D-4E98-9479-DE8434552B1E}.Ad-Hoc|iPhone.Deploy.0 = Release|Any CPU
		{DD984AEC-464D-4E98-9479-DE8434552B1E}.Ad-Hoc|iPhoneSimulator.ActiveCfg = Release|Any CPU
		{DD984AEC-464D-4E98-9479-DE8434552B1E}.Ad-Hoc|iPhoneSimulator.Build.0 = Release|Any CPU
		{DD984AEC-464D-4E98-9479-DE8434552B1E}.Ad-Hoc|iPhoneSimulator.Deploy.0 = Release|Any CPU
		{DD984AEC-464D-4E98-9479-DE8434552B1E}.AppStore|Any CPU.ActiveCfg = Release|Any CPU
		{DD984AEC-464D-4E98-9479-DE8434552B1E}.AppStore|Any CPU.Build.0 = Release|Any CPU
		{DD984AEC-464D-4E98-9479-DE8434552B1E}.AppStore|Any CPU.Deploy.0 = Release|Any CPU
		{DD984AEC-464D-4E98-9479-DE8434552B1E}.AppStore|iPhone.ActiveCfg = Release|Any CPU
		{DD984AEC-464D-4E98-9479-DE8434552B1E}.AppStore|iPhone.Build.0 = Release|Any CPU
		{DD984AEC-464D-4E98-9479-DE8434552B1E}.AppStore|iPhone.Deploy.0 = Release|Any CPU
		{DD984AEC-464D-4E98-9479-DE8434552B1E}.AppStore|iPhoneSimulator.ActiveCfg = Release|Any CPU
		{DD984AEC-464D-4E98-9479-DE8434552B1E}.AppStore|iPhoneSimulator.Build.0 = Release|Any CPU
		{DD984AEC-464D-4E98-9479-DE8434552B1E}.AppStore|iPhoneSimulator.Deploy.0 = Release|Any CPU
		{DD984AEC-464D-4E98-9479-DE8434552B1E}.Debug|Any CPU.ActiveCfg = Debug|Any CPU
		{DD984AEC-464D-4E98-9479-DE8434552B1E}.Debug|Any CPU.Build.0 = Debug|Any CPU
		{DD984AEC-464D-4E98-9479-DE8434552B1E}.Debug|Any CPU.Deploy.0 = Debug|Any CPU
		{DD984AEC-464D-4E98-9479-DE8434552B1E}.Debug|iPhone.ActiveCfg = Debug|Any CPU
		{DD984AEC-464D-4E98-9479-DE8434552B1E}.Debug|iPhone.Build.0 = Debug|Any CPU
		{DD984AEC-464D-4E98-9479-DE8434552B1E}.Debug|iPhone.Deploy.0 = Debug|Any CPU
		{DD984AEC-464D-4E98-9479-DE8434552B1E}.Debug|iPhoneSimulator.ActiveCfg = Debug|Any CPU
		{DD984AEC-464D-4E98-9479-DE8434552B1E}.Debug|iPhoneSimulator.Build.0 = Debug|Any CPU
		{DD984AEC-464D-4E98-9479-DE8434552B1E}.Debug|iPhoneSimulator.Deploy.0 = Debug|Any CPU
		{DD984AEC-464D-4E98-9479-DE8434552B1E}.Release|Any CPU.ActiveCfg = Release|Any CPU
		{DD984AEC-464D-4E98-9479-DE8434552B1E}.Release|Any CPU.Build.0 = Release|Any CPU
		{DD984AEC-464D-4E98-9479-DE8434552B1E}.Release|Any CPU.Deploy.0 = Release|Any CPU
		{DD984AEC-464D-4E98-9479-DE8434552B1E}.Release|iPhone.ActiveCfg = Release|Any CPU
		{DD984AEC-464D-4E98-9479-DE8434552B1E}.Release|iPhone.Build.0 = Release|Any CPU
		{DD984AEC-464D-4E98-9479-DE8434552B1E}.Release|iPhone.Deploy.0 = Release|Any CPU
		{DD984AEC-464D-4E98-9479-DE8434552B1E}.Release|iPhoneSimulator.ActiveCfg = Release|Any CPU
		{DD984AEC-464D-4E98-9479-DE8434552B1E}.Release|iPhoneSimulator.Build.0 = Release|Any CPU
		{DD984AEC-464D-4E98-9479-DE8434552B1E}.Release|iPhoneSimulator.Deploy.0 = Release|Any CPU
		{0194504E-7F52-427F-9850-4235B537A925}.Ad-Hoc|Any CPU.ActiveCfg = Ad-Hoc|iPhone
		{0194504E-7F52-427F-9850-4235B537A925}.Ad-Hoc|Any CPU.Build.0 = Ad-Hoc|iPhone
		{0194504E-7F52-427F-9850-4235B537A925}.Ad-Hoc|Any CPU.Deploy.0 = Ad-Hoc|iPhone
		{0194504E-7F52-427F-9850-4235B537A925}.Ad-Hoc|iPhone.ActiveCfg = Ad-Hoc|iPhone
		{0194504E-7F52-427F-9850-4235B537A925}.Ad-Hoc|iPhone.Build.0 = Ad-Hoc|iPhone
		{0194504E-7F52-427F-9850-4235B537A925}.Ad-Hoc|iPhone.Deploy.0 = Ad-Hoc|iPhone
		{0194504E-7F52-427F-9850-4235B537A925}.Ad-Hoc|iPhoneSimulator.ActiveCfg = Ad-Hoc|iPhoneSimulator
		{0194504E-7F52-427F-9850-4235B537A925}.Ad-Hoc|iPhoneSimulator.Build.0 = Ad-Hoc|iPhoneSimulator
		{0194504E-7F52-427F-9850-4235B537A925}.Ad-Hoc|iPhoneSimulator.Deploy.0 = Ad-Hoc|iPhoneSimulator
		{0194504E-7F52-427F-9850-4235B537A925}.AppStore|Any CPU.ActiveCfg = AppStore|iPhone
		{0194504E-7F52-427F-9850-4235B537A925}.AppStore|Any CPU.Build.0 = AppStore|iPhone
		{0194504E-7F52-427F-9850-4235B537A925}.AppStore|Any CPU.Deploy.0 = AppStore|iPhone
		{0194504E-7F52-427F-9850-4235B537A925}.AppStore|iPhone.ActiveCfg = AppStore|iPhone
		{0194504E-7F52-427F-9850-4235B537A925}.AppStore|iPhone.Build.0 = AppStore|iPhone
		{0194504E-7F52-427F-9850-4235B537A925}.AppStore|iPhone.Deploy.0 = AppStore|iPhone
		{0194504E-7F52-427F-9850-4235B537A925}.AppStore|iPhoneSimulator.ActiveCfg = AppStore|iPhoneSimulator
		{0194504E-7F52-427F-9850-4235B537A925}.AppStore|iPhoneSimulator.Build.0 = AppStore|iPhoneSimulator
		{0194504E-7F52-427F-9850-4235B537A925}.AppStore|iPhoneSimulator.Deploy.0 = AppStore|iPhoneSimulator
		{0194504E-7F52-427F-9850-4235B537A925}.Debug|Any CPU.ActiveCfg = Debug|iPhoneSimulator
		{0194504E-7F52-427F-9850-4235B537A925}.Debug|Any CPU.Build.0 = Debug|iPhoneSimulator
		{0194504E-7F52-427F-9850-4235B537A925}.Debug|Any CPU.Deploy.0 = Debug|iPhoneSimulator
		{0194504E-7F52-427F-9850-4235B537A925}.Debug|iPhone.ActiveCfg = Debug|iPhone
		{0194504E-7F52-427F-9850-4235B537A925}.Debug|iPhone.Build.0 = Debug|iPhone
		{0194504E-7F52-427F-9850-4235B537A925}.Debug|iPhone.Deploy.0 = Debug|iPhone
		{0194504E-7F52-427F-9850-4235B537A925}.Debug|iPhoneSimulator.ActiveCfg = Debug|iPhoneSimulator
		{0194504E-7F52-427F-9850-4235B537A925}.Debug|iPhoneSimulator.Build.0 = Debug|iPhoneSimulator
		{0194504E-7F52-427F-9850-4235B537A925}.Debug|iPhoneSimulator.Deploy.0 = Debug|iPhoneSimulator
		{0194504E-7F52-427F-9850-4235B537A925}.Release|Any CPU.ActiveCfg = Release|iPhone
		{0194504E-7F52-427F-9850-4235B537A925}.Release|Any CPU.Build.0 = Release|iPhone
		{0194504E-7F52-427F-9850-4235B537A925}.Release|Any CPU.Deploy.0 = Release|iPhone
		{0194504E-7F52-427F-9850-4235B537A925}.Release|iPhone.ActiveCfg = Release|iPhone
		{0194504E-7F52-427F-9850-4235B537A925}.Release|iPhone.Build.0 = Release|iPhone
		{0194504E-7F52-427F-9850-4235B537A925}.Release|iPhone.Deploy.0 = Release|iPhone
		{0194504E-7F52-427F-9850-4235B537A925}.Release|iPhoneSimulator.ActiveCfg = Release|iPhoneSimulator
		{0194504E-7F52-427F-9850-4235B537A925}.Release|iPhoneSimulator.Build.0 = Release|iPhoneSimulator
		{0194504E-7F52-427F-9850-4235B537A925}.Release|iPhoneSimulator.Deploy.0 = Release|iPhoneSimulator
		{9B951095-F4FA-4C7F-A23E-7503746674E1}.Ad-Hoc|Any CPU.ActiveCfg = Debug|Any CPU
		{9B951095-F4FA-4C7F-A23E-7503746674E1}.Ad-Hoc|Any CPU.Build.0 = Debug|Any CPU
		{9B951095-F4FA-4C7F-A23E-7503746674E1}.Ad-Hoc|Any CPU.Deploy.0 = Debug|Any CPU
		{9B951095-F4FA-4C7F-A23E-7503746674E1}.Ad-Hoc|iPhone.ActiveCfg = Debug|Any CPU
		{9B951095-F4FA-4C7F-A23E-7503746674E1}.Ad-Hoc|iPhone.Build.0 = Debug|Any CPU
		{9B951095-F4FA-4C7F-A23E-7503746674E1}.Ad-Hoc|iPhone.Deploy.0 = Debug|Any CPU
		{9B951095-F4FA-4C7F-A23E-7503746674E1}.Ad-Hoc|iPhoneSimulator.ActiveCfg = Debug|Any CPU
		{9B951095-F4FA-4C7F-A23E-7503746674E1}.Ad-Hoc|iPhoneSimulator.Build.0 = Debug|Any CPU
		{9B951095-F4FA-4C7F-A23E-7503746674E1}.Ad-Hoc|iPhoneSimulator.Deploy.0 = Debug|Any CPU
		{9B951095-F4FA-4C7F-A23E-7503746674E1}.AppStore|Any CPU.ActiveCfg = Debug|Any CPU
		{9B951095-F4FA-4C7F-A23E-7503746674E1}.AppStore|Any CPU.Build.0 = Debug|Any CPU
		{9B951095-F4FA-4C7F-A23E-7503746674E1}.AppStore|Any CPU.Deploy.0 = Debug|Any CPU
		{9B951095-F4FA-4C7F-A23E-7503746674E1}.AppStore|iPhone.ActiveCfg = Debug|Any CPU
		{9B951095-F4FA-4C7F-A23E-7503746674E1}.AppStore|iPhone.Build.0 = Debug|Any CPU
		{9B951095-F4FA-4C7F-A23E-7503746674E1}.AppStore|iPhone.Deploy.0 = Debug|Any CPU
		{9B951095-F4FA-4C7F-A23E-7503746674E1}.AppStore|iPhoneSimulator.ActiveCfg = Debug|Any CPU
		{9B951095-F4FA-4C7F-A23E-7503746674E1}.AppStore|iPhoneSimulator.Build.0 = Debug|Any CPU
		{9B951095-F4FA-4C7F-A23E-7503746674E1}.AppStore|iPhoneSimulator.Deploy.0 = Debug|Any CPU
		{9B951095-F4FA-4C7F-A23E-7503746674E1}.Debug|Any CPU.ActiveCfg = Debug|Any CPU
		{9B951095-F4FA-4C7F-A23E-7503746674E1}.Debug|Any CPU.Build.0 = Debug|Any CPU
		{9B951095-F4FA-4C7F-A23E-7503746674E1}.Debug|Any CPU.Deploy.0 = Debug|Any CPU
		{9B951095-F4FA-4C7F-A23E-7503746674E1}.Debug|iPhone.ActiveCfg = Debug|Any CPU
		{9B951095-F4FA-4C7F-A23E-7503746674E1}.Debug|iPhone.Build.0 = Debug|Any CPU
		{9B951095-F4FA-4C7F-A23E-7503746674E1}.Debug|iPhone.Deploy.0 = Debug|Any CPU
		{9B951095-F4FA-4C7F-A23E-7503746674E1}.Debug|iPhoneSimulator.ActiveCfg = Debug|Any CPU
		{9B951095-F4FA-4C7F-A23E-7503746674E1}.Debug|iPhoneSimulator.Build.0 = Debug|Any CPU
		{9B951095-F4FA-4C7F-A23E-7503746674E1}.Debug|iPhoneSimulator.Deploy.0 = Debug|Any CPU
		{9B951095-F4FA-4C7F-A23E-7503746674E1}.Release|Any CPU.ActiveCfg = Release|Any CPU
		{9B951095-F4FA-4C7F-A23E-7503746674E1}.Release|Any CPU.Build.0 = Release|Any CPU
		{9B951095-F4FA-4C7F-A23E-7503746674E1}.Release|Any CPU.Deploy.0 = Release|Any CPU
		{9B951095-F4FA-4C7F-A23E-7503746674E1}.Release|iPhone.ActiveCfg = Release|Any CPU
		{9B951095-F4FA-4C7F-A23E-7503746674E1}.Release|iPhone.Build.0 = Release|Any CPU
		{9B951095-F4FA-4C7F-A23E-7503746674E1}.Release|iPhone.Deploy.0 = Release|Any CPU
		{9B951095-F4FA-4C7F-A23E-7503746674E1}.Release|iPhoneSimulator.ActiveCfg = Release|Any CPU
		{9B951095-F4FA-4C7F-A23E-7503746674E1}.Release|iPhoneSimulator.Build.0 = Release|Any CPU
		{9B951095-F4FA-4C7F-A23E-7503746674E1}.Release|iPhoneSimulator.Deploy.0 = Release|Any CPU
		{0CA4E77E-3538-4BD8-8E3F-5625A3EF6EBB}.Ad-Hoc|Any CPU.ActiveCfg = Release|Any CPU
		{0CA4E77E-3538-4BD8-8E3F-5625A3EF6EBB}.Ad-Hoc|Any CPU.Build.0 = Release|Any CPU
		{0CA4E77E-3538-4BD8-8E3F-5625A3EF6EBB}.Ad-Hoc|iPhone.ActiveCfg = Release|Any CPU
		{0CA4E77E-3538-4BD8-8E3F-5625A3EF6EBB}.Ad-Hoc|iPhone.Build.0 = Release|Any CPU
		{0CA4E77E-3538-4BD8-8E3F-5625A3EF6EBB}.Ad-Hoc|iPhoneSimulator.ActiveCfg = Release|Any CPU
		{0CA4E77E-3538-4BD8-8E3F-5625A3EF6EBB}.Ad-Hoc|iPhoneSimulator.Build.0 = Release|Any CPU
		{0CA4E77E-3538-4BD8-8E3F-5625A3EF6EBB}.AppStore|Any CPU.ActiveCfg = Release|Any CPU
		{0CA4E77E-3538-4BD8-8E3F-5625A3EF6EBB}.AppStore|Any CPU.Build.0 = Release|Any CPU
		{0CA4E77E-3538-4BD8-8E3F-5625A3EF6EBB}.AppStore|iPhone.ActiveCfg = Release|Any CPU
		{0CA4E77E-3538-4BD8-8E3F-5625A3EF6EBB}.AppStore|iPhone.Build.0 = Release|Any CPU
		{0CA4E77E-3538-4BD8-8E3F-5625A3EF6EBB}.AppStore|iPhoneSimulator.ActiveCfg = Release|Any CPU
		{0CA4E77E-3538-4BD8-8E3F-5625A3EF6EBB}.AppStore|iPhoneSimulator.Build.0 = Release|Any CPU
		{0CA4E77E-3538-4BD8-8E3F-5625A3EF6EBB}.Debug|Any CPU.ActiveCfg = Debug|Any CPU
		{0CA4E77E-3538-4BD8-8E3F-5625A3EF6EBB}.Debug|Any CPU.Build.0 = Debug|Any CPU
		{0CA4E77E-3538-4BD8-8E3F-5625A3EF6EBB}.Debug|iPhone.ActiveCfg = Debug|Any CPU
		{0CA4E77E-3538-4BD8-8E3F-5625A3EF6EBB}.Debug|iPhone.Build.0 = Debug|Any CPU
		{0CA4E77E-3538-4BD8-8E3F-5625A3EF6EBB}.Debug|iPhoneSimulator.ActiveCfg = Debug|Any CPU
		{0CA4E77E-3538-4BD8-8E3F-5625A3EF6EBB}.Debug|iPhoneSimulator.Build.0 = Debug|Any CPU
		{0CA4E77E-3538-4BD8-8E3F-5625A3EF6EBB}.Release|Any CPU.ActiveCfg = Release|Any CPU
		{0CA4E77E-3538-4BD8-8E3F-5625A3EF6EBB}.Release|Any CPU.Build.0 = Release|Any CPU
		{0CA4E77E-3538-4BD8-8E3F-5625A3EF6EBB}.Release|iPhone.ActiveCfg = Release|Any CPU
		{0CA4E77E-3538-4BD8-8E3F-5625A3EF6EBB}.Release|iPhone.Build.0 = Release|Any CPU
		{0CA4E77E-3538-4BD8-8E3F-5625A3EF6EBB}.Release|iPhoneSimulator.ActiveCfg = Release|Any CPU
		{0CA4E77E-3538-4BD8-8E3F-5625A3EF6EBB}.Release|iPhoneSimulator.Build.0 = Release|Any CPU
		{7D4F3C32-9DE5-4650-AA0D-6743B96EED84}.Ad-Hoc|Any CPU.ActiveCfg = Release|Any CPU
		{7D4F3C32-9DE5-4650-AA0D-6743B96EED84}.Ad-Hoc|Any CPU.Build.0 = Release|Any CPU
		{7D4F3C32-9DE5-4650-AA0D-6743B96EED84}.Ad-Hoc|iPhone.ActiveCfg = Release|Any CPU
		{7D4F3C32-9DE5-4650-AA0D-6743B96EED84}.Ad-Hoc|iPhone.Build.0 = Release|Any CPU
		{7D4F3C32-9DE5-4650-AA0D-6743B96EED84}.Ad-Hoc|iPhoneSimulator.ActiveCfg = Release|Any CPU
		{7D4F3C32-9DE5-4650-AA0D-6743B96EED84}.Ad-Hoc|iPhoneSimulator.Build.0 = Release|Any CPU
		{7D4F3C32-9DE5-4650-AA0D-6743B96EED84}.AppStore|Any CPU.ActiveCfg = Release|Any CPU
		{7D4F3C32-9DE5-4650-AA0D-6743B96EED84}.AppStore|Any CPU.Build.0 = Release|Any CPU
		{7D4F3C32-9DE5-4650-AA0D-6743B96EED84}.AppStore|iPhone.ActiveCfg = Release|Any CPU
		{7D4F3C32-9DE5-4650-AA0D-6743B96EED84}.AppStore|iPhone.Build.0 = Release|Any CPU
		{7D4F3C32-9DE5-4650-AA0D-6743B96EED84}.AppStore|iPhoneSimulator.ActiveCfg = Release|Any CPU
		{7D4F3C32-9DE5-4650-AA0D-6743B96EED84}.AppStore|iPhoneSimulator.Build.0 = Release|Any CPU
		{7D4F3C32-9DE5-4650-AA0D-6743B96EED84}.Debug|Any CPU.ActiveCfg = Debug|Any CPU
		{7D4F3C32-9DE5-4650-AA0D-6743B96EED84}.Debug|Any CPU.Build.0 = Debug|Any CPU
		{7D4F3C32-9DE5-4650-AA0D-6743B96EED84}.Debug|iPhone.ActiveCfg = Debug|Any CPU
		{7D4F3C32-9DE5-4650-AA0D-6743B96EED84}.Debug|iPhone.Build.0 = Debug|Any CPU
		{7D4F3C32-9DE5-4650-AA0D-6743B96EED84}.Debug|iPhoneSimulator.ActiveCfg = Debug|Any CPU
		{7D4F3C32-9DE5-4650-AA0D-6743B96EED84}.Debug|iPhoneSimulator.Build.0 = Debug|Any CPU
		{7D4F3C32-9DE5-4650-AA0D-6743B96EED84}.Release|Any CPU.ActiveCfg = Release|Any CPU
		{7D4F3C32-9DE5-4650-AA0D-6743B96EED84}.Release|Any CPU.Build.0 = Release|Any CPU
		{7D4F3C32-9DE5-4650-AA0D-6743B96EED84}.Release|iPhone.ActiveCfg = Release|Any CPU
		{7D4F3C32-9DE5-4650-AA0D-6743B96EED84}.Release|iPhone.Build.0 = Release|Any CPU
		{7D4F3C32-9DE5-4650-AA0D-6743B96EED84}.Release|iPhoneSimulator.ActiveCfg = Release|Any CPU
		{7D4F3C32-9DE5-4650-AA0D-6743B96EED84}.Release|iPhoneSimulator.Build.0 = Release|Any CPU
		{7D9A90F6-1541-4D42-9810-6E0BBF2A5CE4}.Ad-Hoc|Any CPU.ActiveCfg = Release|Any CPU
		{7D9A90F6-1541-4D42-9810-6E0BBF2A5CE4}.Ad-Hoc|Any CPU.Build.0 = Release|Any CPU
		{7D9A90F6-1541-4D42-9810-6E0BBF2A5CE4}.Ad-Hoc|iPhone.ActiveCfg = Release|Any CPU
		{7D9A90F6-1541-4D42-9810-6E0BBF2A5CE4}.Ad-Hoc|iPhone.Build.0 = Release|Any CPU
		{7D9A90F6-1541-4D42-9810-6E0BBF2A5CE4}.Ad-Hoc|iPhoneSimulator.ActiveCfg = Release|Any CPU
		{7D9A90F6-1541-4D42-9810-6E0BBF2A5CE4}.Ad-Hoc|iPhoneSimulator.Build.0 = Release|Any CPU
		{7D9A90F6-1541-4D42-9810-6E0BBF2A5CE4}.AppStore|Any CPU.ActiveCfg = Release|Any CPU
		{7D9A90F6-1541-4D42-9810-6E0BBF2A5CE4}.AppStore|Any CPU.Build.0 = Release|Any CPU
		{7D9A90F6-1541-4D42-9810-6E0BBF2A5CE4}.AppStore|iPhone.ActiveCfg = Release|Any CPU
		{7D9A90F6-1541-4D42-9810-6E0BBF2A5CE4}.AppStore|iPhone.Build.0 = Release|Any CPU
		{7D9A90F6-1541-4D42-9810-6E0BBF2A5CE4}.AppStore|iPhoneSimulator.ActiveCfg = Release|Any CPU
		{7D9A90F6-1541-4D42-9810-6E0BBF2A5CE4}.AppStore|iPhoneSimulator.Build.0 = Release|Any CPU
		{7D9A90F6-1541-4D42-9810-6E0BBF2A5CE4}.Debug|Any CPU.ActiveCfg = Debug|Any CPU
		{7D9A90F6-1541-4D42-9810-6E0BBF2A5CE4}.Debug|Any CPU.Build.0 = Debug|Any CPU
		{7D9A90F6-1541-4D42-9810-6E0BBF2A5CE4}.Debug|iPhone.ActiveCfg = Debug|Any CPU
		{7D9A90F6-1541-4D42-9810-6E0BBF2A5CE4}.Debug|iPhone.Build.0 = Debug|Any CPU
		{7D9A90F6-1541-4D42-9810-6E0BBF2A5CE4}.Debug|iPhoneSimulator.ActiveCfg = Debug|Any CPU
		{7D9A90F6-1541-4D42-9810-6E0BBF2A5CE4}.Debug|iPhoneSimulator.Build.0 = Debug|Any CPU
		{7D9A90F6-1541-4D42-9810-6E0BBF2A5CE4}.Release|Any CPU.ActiveCfg = Release|Any CPU
		{7D9A90F6-1541-4D42-9810-6E0BBF2A5CE4}.Release|Any CPU.Build.0 = Release|Any CPU
		{7D9A90F6-1541-4D42-9810-6E0BBF2A5CE4}.Release|iPhone.ActiveCfg = Release|Any CPU
		{7D9A90F6-1541-4D42-9810-6E0BBF2A5CE4}.Release|iPhone.Build.0 = Release|Any CPU
		{7D9A90F6-1541-4D42-9810-6E0BBF2A5CE4}.Release|iPhoneSimulator.ActiveCfg = Release|Any CPU
		{7D9A90F6-1541-4D42-9810-6E0BBF2A5CE4}.Release|iPhoneSimulator.Build.0 = Release|Any CPU
		{614A59F8-2AFB-4C78-BDD2-F97D371698EB}.Ad-Hoc|Any CPU.ActiveCfg = Release|Any CPU
		{614A59F8-2AFB-4C78-BDD2-F97D371698EB}.Ad-Hoc|Any CPU.Build.0 = Release|Any CPU
		{614A59F8-2AFB-4C78-BDD2-F97D371698EB}.Ad-Hoc|iPhone.ActiveCfg = Release|Any CPU
		{614A59F8-2AFB-4C78-BDD2-F97D371698EB}.Ad-Hoc|iPhone.Build.0 = Release|Any CPU
		{614A59F8-2AFB-4C78-BDD2-F97D371698EB}.Ad-Hoc|iPhoneSimulator.ActiveCfg = Release|Any CPU
		{614A59F8-2AFB-4C78-BDD2-F97D371698EB}.Ad-Hoc|iPhoneSimulator.Build.0 = Release|Any CPU
		{614A59F8-2AFB-4C78-BDD2-F97D371698EB}.AppStore|Any CPU.ActiveCfg = Release|Any CPU
		{614A59F8-2AFB-4C78-BDD2-F97D371698EB}.AppStore|Any CPU.Build.0 = Release|Any CPU
		{614A59F8-2AFB-4C78-BDD2-F97D371698EB}.AppStore|iPhone.ActiveCfg = Release|Any CPU
		{614A59F8-2AFB-4C78-BDD2-F97D371698EB}.AppStore|iPhone.Build.0 = Release|Any CPU
		{614A59F8-2AFB-4C78-BDD2-F97D371698EB}.AppStore|iPhoneSimulator.ActiveCfg = Release|Any CPU
		{614A59F8-2AFB-4C78-BDD2-F97D371698EB}.AppStore|iPhoneSimulator.Build.0 = Release|Any CPU
		{614A59F8-2AFB-4C78-BDD2-F97D371698EB}.Debug|Any CPU.ActiveCfg = Debug|Any CPU
		{614A59F8-2AFB-4C78-BDD2-F97D371698EB}.Debug|Any CPU.Build.0 = Debug|Any CPU
		{614A59F8-2AFB-4C78-BDD2-F97D371698EB}.Debug|iPhone.ActiveCfg = Debug|Any CPU
		{614A59F8-2AFB-4C78-BDD2-F97D371698EB}.Debug|iPhone.Build.0 = Debug|Any CPU
		{614A59F8-2AFB-4C78-BDD2-F97D371698EB}.Debug|iPhoneSimulator.ActiveCfg = Debug|Any CPU
		{614A59F8-2AFB-4C78-BDD2-F97D371698EB}.Debug|iPhoneSimulator.Build.0 = Debug|Any CPU
		{614A59F8-2AFB-4C78-BDD2-F97D371698EB}.Release|Any CPU.ActiveCfg = Release|Any CPU
		{614A59F8-2AFB-4C78-BDD2-F97D371698EB}.Release|Any CPU.Build.0 = Release|Any CPU
		{614A59F8-2AFB-4C78-BDD2-F97D371698EB}.Release|iPhone.ActiveCfg = Release|Any CPU
		{614A59F8-2AFB-4C78-BDD2-F97D371698EB}.Release|iPhone.Build.0 = Release|Any CPU
		{614A59F8-2AFB-4C78-BDD2-F97D371698EB}.Release|iPhoneSimulator.ActiveCfg = Release|Any CPU
		{614A59F8-2AFB-4C78-BDD2-F97D371698EB}.Release|iPhoneSimulator.Build.0 = Release|Any CPU
	EndGlobalSection
	GlobalSection(SolutionProperties) = preSolution
		HideSolutionNode = FALSE
	EndGlobalSection
	GlobalSection(ExtensibilityGlobals) = postSolution
		SolutionGuid = {55D87425-FA45-44CC-85F5-695D31CD11ED}
	EndGlobalSection
EndGlobal
